
Microsoft Visual Studio Solution File, Format Version 12.00
# Visual Studio Version 16
VisualStudioVersion = 16.0.31005.135
MinimumVisualStudioVersion = 10.0.40219.1
Project("{FAE04EC0-301F-11D3-BF4B-00C04F79EFBC}") = "OKP1 Stationeers Editor", "OKP1 Stationeers Editor\OKP1 Stationeers Editor.csproj", "{33F010F0-C6F4-4296-B599-9721658EC080}"
EndProject
Project("{54435603-DBB4-11D2-8724-00A0C9A8B90C}") = "OKP1 Stationeers Editor Setup", "OKP1 Stationeers Editor Setup\OKP1 Stationeers Editor Setup.vdproj", "{CB527BBF-F293-45C3-8788-A358BC210CA4}"
EndProject
Project("{2150E333-8FDC-42A3-9474-1A3956D46DE8}") = "Solution Items", "Solution Items", "{331F919D-52D7-4698-8EAD-2059B287BC96}"
	ProjectSection(SolutionItems) = preProject
		README.md = README.md
	EndProjectSection
EndProject
Global
	GlobalSection(SolutionConfigurationPlatforms) = preSolution
		Debug|Any CPU = Debug|Any CPU
		Debug|x86 = Debug|x86
		Release|Any CPU = Release|Any CPU
		Release|x86 = Release|x86
	EndGlobalSection
	GlobalSection(ProjectConfigurationPlatforms) = postSolution
		{33F010F0-C6F4-4296-B599-9721658EC080}.Debug|Any CPU.ActiveCfg = Debug|Any CPU
		{33F010F0-C6F4-4296-B599-9721658EC080}.Debug|Any CPU.Build.0 = Debug|Any CPU
		{33F010F0-C6F4-4296-B599-9721658EC080}.Debug|x86.ActiveCfg = Debug|Any CPU
		{33F010F0-C6F4-4296-B599-9721658EC080}.Debug|x86.Build.0 = Debug|Any CPU
		{33F010F0-C6F4-4296-B599-9721658EC080}.Release|Any CPU.ActiveCfg = Release|Any CPU
		{33F010F0-C6F4-4296-B599-9721658EC080}.Release|Any CPU.Build.0 = Release|Any CPU
		{33F010F0-C6F4-4296-B599-9721658EC080}.Release|x86.ActiveCfg = Release|Any CPU
		{33F010F0-C6F4-4296-B599-9721658EC080}.Release|x86.Build.0 = Release|Any CPU
		{CB527BBF-F293-45C3-8788-A358BC210CA4}.Debug|Any CPU.ActiveCfg = Debug
		{CB527BBF-F293-45C3-8788-A358BC210CA4}.Debug|Any CPU.Build.0 = Debug
		{CB527BBF-F293-45C3-8788-A358BC210CA4}.Debug|x86.ActiveCfg = Debug
		{CB527BBF-F293-45C3-8788-A358BC210CA4}.Debug|x86.Build.0 = Debug
		{CB527BBF-F293-45C3-8788-A358BC210CA4}.Release|Any CPU.ActiveCfg = Release
		{CB527BBF-F293-45C3-8788-A358BC210CA4}.Release|Any CPU.Build.0 = Release
		{CB527BBF-F293-45C3-8788-A358BC210CA4}.Release|x86.ActiveCfg = Release
		{CB527BBF-F293-45C3-8788-A358BC210CA4}.Release|x86.Build.0 = Release
	EndGlobalSection
	GlobalSection(SolutionProperties) = preSolution
		HideSolutionNode = FALSE
	EndGlobalSection
	GlobalSection(ExtensibilityGlobals) = postSolution
		SolutionGuid = {7AB64FDA-FCF8-4E2D-8169-0C89B2E7E802}
	EndGlobalSection
EndGlobal
